// !$*UTF8*$!
{
	archiveVersion = 1;
	classes = {
	};
	objectVersion = 51;
	objects = {

/* Begin PBXBuildFile section */
		9701B0BB23A0350200CD8489 /* BtnFactory.swift in Sources */ = {isa = PBXBuildFile; fileRef = 9701B0BA23A0350200CD8489 /* BtnFactory.swift */; };
		9701B0BD23A0D9A900CD8489 /* Level.swift in Sources */ = {isa = PBXBuildFile; fileRef = 9701B0BC23A0D9A900CD8489 /* Level.swift */; };
		9701B0BF23A0DCC900CD8489 /* LayoutPrinter.swift in Sources */ = {isa = PBXBuildFile; fileRef = 9701B0BE23A0DCC900CD8489 /* LayoutPrinter.swift */; };
		9701B0C123A1125800CD8489 /* BehaviorFactory.swift in Sources */ = {isa = PBXBuildFile; fileRef = 9701B0C023A1125800CD8489 /* BehaviorFactory.swift */; };
		9701B0C323A11AE500CD8489 /* Grid.swift in Sources */ = {isa = PBXBuildFile; fileRef = 9701B0C223A11AE500CD8489 /* Grid.swift */; };
		9701B0C523A2336300CD8489 /* Constants.swift in Sources */ = {isa = PBXBuildFile; fileRef = 9701B0C423A2336300CD8489 /* Constants.swift */; };
		970B256D23A011A90058C8B0 /* AppDelegate.swift in Sources */ = {isa = PBXBuildFile; fileRef = 970B256C23A011A90058C8B0 /* AppDelegate.swift */; };
		970B257323A011A90058C8B0 /* GameScene.swift in Sources */ = {isa = PBXBuildFile; fileRef = 970B257223A011A90058C8B0 /* GameScene.swift */; };
		970B257523A011A90058C8B0 /* GameViewController.swift in Sources */ = {isa = PBXBuildFile; fileRef = 970B257423A011A90058C8B0 /* GameViewController.swift */; };
		970B257823A011A90058C8B0 /* Main.storyboard in Resources */ = {isa = PBXBuildFile; fileRef = 970B257623A011A90058C8B0 /* Main.storyboard */; };
		970B257A23A011AA0058C8B0 /* Assets.xcassets in Resources */ = {isa = PBXBuildFile; fileRef = 970B257923A011AA0058C8B0 /* Assets.xcassets */; };
		970B257D23A011AA0058C8B0 /* LaunchScreen.storyboard in Resources */ = {isa = PBXBuildFile; fileRef = 970B257B23A011AA0058C8B0 /* LaunchScreen.storyboard */; };
		970B258523A016410058C8B0 /* extUIColor.swift in Sources */ = {isa = PBXBuildFile; fileRef = 970B258423A016410058C8B0 /* extUIColor.swift */; };
		970B258723A01C8B0058C8B0 /* StdBtn.swift in Sources */ = {isa = PBXBuildFile; fileRef = 970B258623A01C8B0058C8B0 /* StdBtn.swift */; };
		9733E0D023CDBCE800B51E6B /* AudioPlayer.swift in Sources */ = {isa = PBXBuildFile; fileRef = 9733E0CF23CDBCE800B51E6B /* AudioPlayer.swift */; };
		9733E0D423CDBF1B00B51E6B /* blueScorpion.mp3 in Resources */ = {isa = PBXBuildFile; fileRef = 9733E0D323CDBF1B00B51E6B /* blueScorpion.mp3 */; };
		975347A523C4539C0070F583 /* GameData.swift in Sources */ = {isa = PBXBuildFile; fileRef = 975347A423C4539C0070F583 /* GameData.swift */; };
		975347A723C456E60070F583 /* BackgroundFactory.swift in Sources */ = {isa = PBXBuildFile; fileRef = 975347A623C456E60070F583 /* BackgroundFactory.swift */; };
		975347A923C458970070F583 /* SKTextureExtension.swift in Sources */ = {isa = PBXBuildFile; fileRef = 975347A823C458970070F583 /* SKTextureExtension.swift */; };
		975347AB23C4855C0070F583 /* MainViewController.swift in Sources */ = {isa = PBXBuildFile; fileRef = 975347AA23C4855C0070F583 /* MainViewController.swift */; };
		975347AD23C48BB70070F583 /* LevelsViewController.swift in Sources */ = {isa = PBXBuildFile; fileRef = 975347AC23C48BB70070F583 /* LevelsViewController.swift */; };
		9758F1A023C21F4E00F329E7 /* ButtonColor.swift in Sources */ = {isa = PBXBuildFile; fileRef = 9758F19F23C21F4E00F329E7 /* ButtonColor.swift */; };
		976E5AAE23CF2F8600D3521F /* VibroManager.swift in Sources */ = {isa = PBXBuildFile; fileRef = 976E5AAD23CF2F8600D3521F /* VibroManager.swift */; };
		9773623023CE07FA00C54AF5 /* tap.mp3 in Resources */ = {isa = PBXBuildFile; fileRef = 9773622F23CE07FA00C54AF5 /* tap.mp3 */; };
		97EF5E9F23A3CD6F0066F97D /* TimingFunctions.swift in Sources */ = {isa = PBXBuildFile; fileRef = 97EF5E9E23A3CD6F0066F97D /* TimingFunctions.swift */; };
		E97B6398062EF845E008F832 /* Pods_BtnProto.framework in Frameworks */ = {isa = PBXBuildFile; fileRef = 63410FFEEBFDFDA292401CE2 /* Pods_BtnProto.framework */; };
/* End PBXBuildFile section */

/* Begin PBXFileReference section */
		63410FFEEBFDFDA292401CE2 /* Pods_BtnProto.framework */ = {isa = PBXFileReference; explicitFileType = wrapper.framework; includeInIndex = 0; path = Pods_BtnProto.framework; sourceTree = BUILT_PRODUCTS_DIR; };
		7E417C9DBDBC0D8925D014ED /* Pods-BtnProto.release.xcconfig */ = {isa = PBXFileReference; includeInIndex = 1; lastKnownFileType = text.xcconfig; name = "Pods-BtnProto.release.xcconfig"; path = "Target Support Files/Pods-BtnProto/Pods-BtnProto.release.xcconfig"; sourceTree = "<group>"; };
		9701B0BA23A0350200CD8489 /* BtnFactory.swift */ = {isa = PBXFileReference; lastKnownFileType = sourcecode.swift; path = BtnFactory.swift; sourceTree = "<group>"; };
		9701B0BC23A0D9A900CD8489 /* Level.swift */ = {isa = PBXFileReference; lastKnownFileType = sourcecode.swift; path = Level.swift; sourceTree = "<group>"; };
		9701B0BE23A0DCC900CD8489 /* LayoutPrinter.swift */ = {isa = PBXFileReference; lastKnownFileType = sourcecode.swift; path = LayoutPrinter.swift; sourceTree = "<group>"; };
		9701B0C023A1125800CD8489 /* BehaviorFactory.swift */ = {isa = PBXFileReference; lastKnownFileType = sourcecode.swift; path = BehaviorFactory.swift; sourceTree = "<group>"; };
		9701B0C223A11AE500CD8489 /* Grid.swift */ = {isa = PBXFileReference; lastKnownFileType = sourcecode.swift; path = Grid.swift; sourceTree = "<group>"; };
		9701B0C423A2336300CD8489 /* Constants.swift */ = {isa = PBXFileReference; lastKnownFileType = sourcecode.swift; path = Constants.swift; sourceTree = "<group>"; };
		970B256923A011A90058C8B0 /* BtnProto.app */ = {isa = PBXFileReference; explicitFileType = wrapper.application; includeInIndex = 0; path = BtnProto.app; sourceTree = BUILT_PRODUCTS_DIR; };
		970B256C23A011A90058C8B0 /* AppDelegate.swift */ = {isa = PBXFileReference; lastKnownFileType = sourcecode.swift; path = AppDelegate.swift; sourceTree = "<group>"; };
		970B257223A011A90058C8B0 /* GameScene.swift */ = {isa = PBXFileReference; lastKnownFileType = sourcecode.swift; path = GameScene.swift; sourceTree = "<group>"; };
		970B257423A011A90058C8B0 /* GameViewController.swift */ = {isa = PBXFileReference; lastKnownFileType = sourcecode.swift; path = GameViewController.swift; sourceTree = "<group>"; };
		970B257723A011A90058C8B0 /* Base */ = {isa = PBXFileReference; lastKnownFileType = file.storyboard; name = Base; path = Base.lproj/Main.storyboard; sourceTree = "<group>"; };
		970B257923A011AA0058C8B0 /* Assets.xcassets */ = {isa = PBXFileReference; lastKnownFileType = folder.assetcatalog; path = Assets.xcassets; sourceTree = "<group>"; };
		970B257C23A011AA0058C8B0 /* Base */ = {isa = PBXFileReference; lastKnownFileType = file.storyboard; name = Base; path = Base.lproj/LaunchScreen.storyboard; sourceTree = "<group>"; };
		970B257E23A011AA0058C8B0 /* Info.plist */ = {isa = PBXFileReference; lastKnownFileType = text.plist.xml; path = Info.plist; sourceTree = "<group>"; };
		970B258423A016410058C8B0 /* extUIColor.swift */ = {isa = PBXFileReference; lastKnownFileType = sourcecode.swift; path = extUIColor.swift; sourceTree = "<group>"; };
		970B258623A01C8B0058C8B0 /* StdBtn.swift */ = {isa = PBXFileReference; lastKnownFileType = sourcecode.swift; path = StdBtn.swift; sourceTree = "<group>"; };
		9733E0CF23CDBCE800B51E6B /* AudioPlayer.swift */ = {isa = PBXFileReference; lastKnownFileType = sourcecode.swift; path = AudioPlayer.swift; sourceTree = "<group>"; };
		9733E0D323CDBF1B00B51E6B /* blueScorpion.mp3 */ = {isa = PBXFileReference; lastKnownFileType = audio.mp3; path = blueScorpion.mp3; sourceTree = "<group>"; };
		975347A423C4539C0070F583 /* GameData.swift */ = {isa = PBXFileReference; lastKnownFileType = sourcecode.swift; path = GameData.swift; sourceTree = "<group>"; };
		975347A623C456E60070F583 /* BackgroundFactory.swift */ = {isa = PBXFileReference; lastKnownFileType = sourcecode.swift; path = BackgroundFactory.swift; sourceTree = "<group>"; };
		975347A823C458970070F583 /* SKTextureExtension.swift */ = {isa = PBXFileReference; lastKnownFileType = sourcecode.swift; path = SKTextureExtension.swift; sourceTree = "<group>"; };
		975347AA23C4855C0070F583 /* MainViewController.swift */ = {isa = PBXFileReference; lastKnownFileType = sourcecode.swift; path = MainViewController.swift; sourceTree = "<group>"; };
		975347AC23C48BB70070F583 /* LevelsViewController.swift */ = {isa = PBXFileReference; lastKnownFileType = sourcecode.swift; path = LevelsViewController.swift; sourceTree = "<group>"; };
		9758F19F23C21F4E00F329E7 /* ButtonColor.swift */ = {isa = PBXFileReference; lastKnownFileType = sourcecode.swift; path = ButtonColor.swift; sourceTree = "<group>"; };
		976E5AAD23CF2F8600D3521F /* VibroManager.swift */ = {isa = PBXFileReference; lastKnownFileType = sourcecode.swift; path = VibroManager.swift; sourceTree = "<group>"; };
		9773622F23CE07FA00C54AF5 /* tap.mp3 */ = {isa = PBXFileReference; lastKnownFileType = audio.mp3; path = tap.mp3; sourceTree = "<group>"; };
		97EF5E9E23A3CD6F0066F97D /* TimingFunctions.swift */ = {isa = PBXFileReference; lastKnownFileType = sourcecode.swift; path = TimingFunctions.swift; sourceTree = "<group>"; };
		A8751407ED585D1A30FA0884 /* Pods-BtnProto.debug.xcconfig */ = {isa = PBXFileReference; includeInIndex = 1; lastKnownFileType = text.xcconfig; name = "Pods-BtnProto.debug.xcconfig"; path = "Target Support Files/Pods-BtnProto/Pods-BtnProto.debug.xcconfig"; sourceTree = "<group>"; };
/* End PBXFileReference section */

/* Begin PBXFrameworksBuildPhase section */
		970B256623A011A90058C8B0 /* Frameworks */ = {
			isa = PBXFrameworksBuildPhase;
			buildActionMask = 2147483647;
			files = (
				E97B6398062EF845E008F832 /* Pods_BtnProto.framework in Frameworks */,
			);
			runOnlyForDeploymentPostprocessing = 0;
		};
/* End PBXFrameworksBuildPhase section */

/* Begin PBXGroup section */
		52EEC10B8725FBF63E13F3B8 /* Pods */ = {
			isa = PBXGroup;
			children = (
				A8751407ED585D1A30FA0884 /* Pods-BtnProto.debug.xcconfig */,
				7E417C9DBDBC0D8925D014ED /* Pods-BtnProto.release.xcconfig */,
			);
			path = Pods;
			sourceTree = "<group>";
		};
		970B256023A011A90058C8B0 = {
			isa = PBXGroup;
			children = (
				970B256B23A011A90058C8B0 /* BtnProto */,
				970B256A23A011A90058C8B0 /* Products */,
				52EEC10B8725FBF63E13F3B8 /* Pods */,
				AFE3A1421B2F2412F9BFED2B /* Frameworks */,
			);
			sourceTree = "<group>";
		};
		970B256A23A011A90058C8B0 /* Products */ = {
			isa = PBXGroup;
			children = (
				970B256923A011A90058C8B0 /* BtnProto.app */,
			);
			name = Products;
			sourceTree = "<group>";
		};
		970B256B23A011A90058C8B0 /* BtnProto */ = {
			isa = PBXGroup;
			children = (
				970B256C23A011A90058C8B0 /* AppDelegate.swift */,
				970B257223A011A90058C8B0 /* GameScene.swift */,
				9701B0C423A2336300CD8489 /* Constants.swift */,
				9701B0BC23A0D9A900CD8489 /* Level.swift */,
				9701B0BE23A0DCC900CD8489 /* LayoutPrinter.swift */,
				9701B0C023A1125800CD8489 /* BehaviorFactory.swift */,
				9701B0C223A11AE500CD8489 /* Grid.swift */,
				9758F19D23C21F1B00F329E7 /* UI */,
				97EF5E9E23A3CD6F0066F97D /* TimingFunctions.swift */,
				976E5AAD23CF2F8600D3521F /* VibroManager.swift */,
				9701B0BA23A0350200CD8489 /* BtnFactory.swift */,
				9758F19F23C21F4E00F329E7 /* ButtonColor.swift */,
				975347A623C456E60070F583 /* BackgroundFactory.swift */,
				970B257423A011A90058C8B0 /* GameViewController.swift */,
				9733E0CF23CDBCE800B51E6B /* AudioPlayer.swift */,
				975347AA23C4855C0070F583 /* MainViewController.swift */,
				975347AC23C48BB70070F583 /* LevelsViewController.swift */,
				975347A823C458970070F583 /* SKTextureExtension.swift */,
				975347A423C4539C0070F583 /* GameData.swift */,
				970B258423A016410058C8B0 /* extUIColor.swift */,
				970B257623A011A90058C8B0 /* Main.storyboard */,
				970B257923A011AA0058C8B0 /* Assets.xcassets */,
				970B257B23A011AA0058C8B0 /* LaunchScreen.storyboard */,
				9733E0D223CDBF0F00B51E6B /* music */,
				970B257E23A011AA0058C8B0 /* Info.plist */,
			);
			path = BtnProto;
			sourceTree = "<group>";
		};
		9733E0D223CDBF0F00B51E6B /* music */ = {
			isa = PBXGroup;
			children = (
				9733E0D323CDBF1B00B51E6B /* blueScorpion.mp3 */,
				9773622F23CE07FA00C54AF5 /* tap.mp3 */,
			);
			path = music;
			sourceTree = "<group>";
		};
		9758F19D23C21F1B00F329E7 /* UI */ = {
			isa = PBXGroup;
			children = (
				970B258623A01C8B0058C8B0 /* StdBtn.swift */,
			);
			path = UI;
			sourceTree = "<group>";
		};
		AFE3A1421B2F2412F9BFED2B /* Frameworks */ = {
			isa = PBXGroup;
			children = (
				63410FFEEBFDFDA292401CE2 /* Pods_BtnProto.framework */,
			);
			name = Frameworks;
			sourceTree = "<group>";
		};
/* End PBXGroup section */

/* Begin PBXNativeTarget section */
		970B256823A011A90058C8B0 /* BtnProto */ = {
			isa = PBXNativeTarget;
			buildConfigurationList = 970B258123A011AA0058C8B0 /* Build configuration list for PBXNativeTarget "BtnProto" */;
			buildPhases = (
				336A9058A32250AD33FC3FFB /* [CP] Check Pods Manifest.lock */,
				970B256523A011A90058C8B0 /* Sources */,
				970B256623A011A90058C8B0 /* Frameworks */,
				970B256723A011A90058C8B0 /* Resources */,
				E9095B3DD83CDFCC07ABE597 /* [CP] Embed Pods Frameworks */,
			);
			buildRules = (
			);
			dependencies = (
			);
			name = BtnProto;
			productName = BtnProto;
			productReference = 970B256923A011A90058C8B0 /* BtnProto.app */;
			productType = "com.apple.product-type.application";
		};
/* End PBXNativeTarget section */

/* Begin PBXProject section */
		970B256123A011A90058C8B0 /* Project object */ = {
			isa = PBXProject;
			attributes = {
				LastSwiftUpdateCheck = 1120;
				LastUpgradeCheck = 1120;
				ORGANIZATIONNAME = "Tim Isaev";
				TargetAttributes = {
					970B256823A011A90058C8B0 = {
						CreatedOnToolsVersion = 11.2.1;
					};
				};
			};
			buildConfigurationList = 970B256423A011A90058C8B0 /* Build configuration list for PBXProject "BtnProto" */;
			compatibilityVersion = "Xcode 9.3";
			developmentRegion = en;
			hasScannedForEncodings = 0;
			knownRegions = (
				en,
				Base,
			);
			mainGroup = 970B256023A011A90058C8B0;
			productRefGroup = 970B256A23A011A90058C8B0 /* Products */;
			projectDirPath = "";
			projectRoot = "";
			targets = (
				970B256823A011A90058C8B0 /* BtnProto */,
			);
		};
/* End PBXProject section */

/* Begin PBXResourcesBuildPhase section */
		970B256723A011A90058C8B0 /* Resources */ = {
			isa = PBXResourcesBuildPhase;
			buildActionMask = 2147483647;
			files = (
				970B257823A011A90058C8B0 /* Main.storyboard in Resources */,
				9773623023CE07FA00C54AF5 /* tap.mp3 in Resources */,
				970B257A23A011AA0058C8B0 /* Assets.xcassets in Resources */,
				970B257D23A011AA0058C8B0 /* LaunchScreen.storyboard in Resources */,
				9733E0D423CDBF1B00B51E6B /* blueScorpion.mp3 in Resources */,
			);
			runOnlyForDeploymentPostprocessing = 0;
		};
/* End PBXResourcesBuildPhase section */

/* Begin PBXShellScriptBuildPhase section */
		336A9058A32250AD33FC3FFB /* [CP] Check Pods Manifest.lock */ = {
			isa = PBXShellScriptBuildPhase;
			buildActionMask = 2147483647;
			files = (
			);
			inputFileListPaths = (
			);
			inputPaths = (
				"${PODS_PODFILE_DIR_PATH}/Podfile.lock",
				"${PODS_ROOT}/Manifest.lock",
			);
			name = "[CP] Check Pods Manifest.lock";
			outputFileListPaths = (
			);
			outputPaths = (
				"$(DERIVED_FILE_DIR)/Pods-BtnProto-checkManifestLockResult.txt",
			);
			runOnlyForDeploymentPostprocessing = 0;
			shellPath = /bin/sh;
			shellScript = "diff \"${PODS_PODFILE_DIR_PATH}/Podfile.lock\" \"${PODS_ROOT}/Manifest.lock\" > /dev/null\nif [ $? != 0 ] ; then\n    # print error to STDERR\n    echo \"error: The sandbox is not in sync with the Podfile.lock. Run 'pod install' or update your CocoaPods installation.\" >&2\n    exit 1\nfi\n# This output is used by Xcode 'outputs' to avoid re-running this script phase.\necho \"SUCCESS\" > \"${SCRIPT_OUTPUT_FILE_0}\"\n";
			showEnvVarsInLog = 0;
		};
		E9095B3DD83CDFCC07ABE597 /* [CP] Embed Pods Frameworks */ = {
			isa = PBXShellScriptBuildPhase;
			buildActionMask = 2147483647;
			files = (
			);
			inputFileListPaths = (
				"${PODS_ROOT}/Target Support Files/Pods-BtnProto/Pods-BtnProto-frameworks-${CONFIGURATION}-input-files.xcfilelist",
			);
			name = "[CP] Embed Pods Frameworks";
			outputFileListPaths = (
				"${PODS_ROOT}/Target Support Files/Pods-BtnProto/Pods-BtnProto-frameworks-${CONFIGURATION}-output-files.xcfilelist",
			);
			runOnlyForDeploymentPostprocessing = 0;
			shellPath = /bin/sh;
			shellScript = "\"${PODS_ROOT}/Target Support Files/Pods-BtnProto/Pods-BtnProto-frameworks.sh\"\n";
			showEnvVarsInLog = 0;
		};
/* End PBXShellScriptBuildPhase section */

/* Begin PBXSourcesBuildPhase section */
		970B256523A011A90058C8B0 /* Sources */ = {
			isa = PBXSourcesBuildPhase;
			buildActionMask = 2147483647;
			files = (
				9701B0BF23A0DCC900CD8489 /* LayoutPrinter.swift in Sources */,
				9701B0C523A2336300CD8489 /* Constants.swift in Sources */,
				970B257323A011A90058C8B0 /* GameScene.swift in Sources */,
				9701B0BB23A0350200CD8489 /* BtnFactory.swift in Sources */,
				9701B0C323A11AE500CD8489 /* Grid.swift in Sources */,
				970B258523A016410058C8B0 /* extUIColor.swift in Sources */,
				970B257523A011A90058C8B0 /* GameViewController.swift in Sources */,
				975347AB23C4855C0070F583 /* MainViewController.swift in Sources */,
				970B256D23A011A90058C8B0 /* AppDelegate.swift in Sources */,
				975347AD23C48BB70070F583 /* LevelsViewController.swift in Sources */,
				975347A523C4539C0070F583 /* GameData.swift in Sources */,
				9758F1A023C21F4E00F329E7 /* ButtonColor.swift in Sources */,
				9733E0D023CDBCE800B51E6B /* AudioPlayer.swift in Sources */,
				970B258723A01C8B0058C8B0 /* StdBtn.swift in Sources */,
				976E5AAE23CF2F8600D3521F /* VibroManager.swift in Sources */,
				97EF5E9F23A3CD6F0066F97D /* TimingFunctions.swift in Sources */,
				975347A723C456E60070F583 /* BackgroundFactory.swift in Sources */,
				9701B0C123A1125800CD8489 /* BehaviorFactory.swift in Sources */,
				9701B0BD23A0D9A900CD8489 /* Level.swift in Sources */,
				975347A923C458970070F583 /* SKTextureExtension.swift in Sources */,
			);
			runOnlyForDeploymentPostprocessing = 0;
		};
/* End PBXSourcesBuildPhase section */

/* Begin PBXVariantGroup section */
		970B257623A011A90058C8B0 /* Main.storyboard */ = {
			isa = PBXVariantGroup;
			children = (
				970B257723A011A90058C8B0 /* Base */,
			);
			name = Main.storyboard;
			sourceTree = "<group>";
		};
		970B257B23A011AA0058C8B0 /* LaunchScreen.storyboard */ = {
			isa = PBXVariantGroup;
			children = (
				970B257C23A011AA0058C8B0 /* Base */,
			);
			name = LaunchScreen.storyboard;
			sourceTree = "<group>";
		};
/* End PBXVariantGroup section */

/* Begin XCBuildConfiguration section */
		970B257F23A011AA0058C8B0 /* Debug */ = {
			isa = XCBuildConfiguration;
			buildSettings = {
				ALWAYS_SEARCH_USER_PATHS = NO;
				CLANG_ANALYZER_NONNULL = YES;
				CLANG_ANALYZER_NUMBER_OBJECT_CONVERSION = YES_AGGRESSIVE;
				CLANG_CXX_LANGUAGE_STANDARD = "gnu++14";
				CLANG_CXX_LIBRARY = "libc++";
				CLANG_ENABLE_MODULES = YES;
				CLANG_ENABLE_OBJC_ARC = YES;
				CLANG_ENABLE_OBJC_WEAK = YES;
				CLANG_WARN_BLOCK_CAPTURE_AUTORELEASING = YES;
				CLANG_WARN_BOOL_CONVERSION = YES;
				CLANG_WARN_COMMA = YES;
				CLANG_WARN_CONSTANT_CONVERSION = YES;
				CLANG_WARN_DEPRECATED_OBJC_IMPLEMENTATIONS = YES;
				CLANG_WARN_DIRECT_OBJC_ISA_USAGE = YES_ERROR;
				CLANG_WARN_DOCUMENTATION_COMMENTS = YES;
				CLANG_WARN_EMPTY_BODY = YES;
				CLANG_WARN_ENUM_CONVERSION = YES;
				CLANG_WARN_INFINITE_RECURSION = YES;
				CLANG_WARN_INT_CONVERSION = YES;
				CLANG_WARN_NON_LITERAL_NULL_CONVERSION = YES;
				CLANG_WARN_OBJC_IMPLICIT_RETAIN_SELF = YES;
				CLANG_WARN_OBJC_LITERAL_CONVERSION = YES;
				CLANG_WARN_OBJC_ROOT_CLASS = YES_ERROR;
				CLANG_WARN_RANGE_LOOP_ANALYSIS = YES;
				CLANG_WARN_STRICT_PROTOTYPES = YES;
				CLANG_WARN_SUSPICIOUS_MOVE = YES;
				CLANG_WARN_UNGUARDED_AVAILABILITY = YES_AGGRESSIVE;
				CLANG_WARN_UNREACHABLE_CODE = YES;
				CLANG_WARN__DUPLICATE_METHOD_MATCH = YES;
				COPY_PHASE_STRIP = NO;
				DEBUG_INFORMATION_FORMAT = dwarf;
				ENABLE_STRICT_OBJC_MSGSEND = YES;
				ENABLE_TESTABILITY = YES;
				GCC_C_LANGUAGE_STANDARD = gnu11;
				GCC_DYNAMIC_NO_PIC = NO;
				GCC_NO_COMMON_BLOCKS = YES;
				GCC_OPTIMIZATION_LEVEL = 0;
				GCC_PREPROCESSOR_DEFINITIONS = (
					"DEBUG=1",
					"$(inherited)",
				);
				GCC_WARN_64_TO_32_BIT_CONVERSION = YES;
				GCC_WARN_ABOUT_RETURN_TYPE = YES_ERROR;
				GCC_WARN_UNDECLARED_SELECTOR = YES;
				GCC_WARN_UNINITIALIZED_AUTOS = YES_AGGRESSIVE;
				GCC_WARN_UNUSED_FUNCTION = YES;
				GCC_WARN_UNUSED_VARIABLE = YES;
				IPHONEOS_DEPLOYMENT_TARGET = 13.2;
				MTL_ENABLE_DEBUG_INFO = INCLUDE_SOURCE;
				MTL_FAST_MATH = YES;
				ONLY_ACTIVE_ARCH = YES;
				SDKROOT = iphoneos;
				SWIFT_ACTIVE_COMPILATION_CONDITIONS = DEBUG;
				SWIFT_OPTIMIZATION_LEVEL = "-Onone";
			};
			name = Debug;
		};
		970B258023A011AA0058C8B0 /* Release */ = {
			isa = XCBuildConfiguration;
			buildSettings = {
				ALWAYS_SEARCH_USER_PATHS = NO;
				CLANG_ANALYZER_NONNULL = YES;
				CLANG_ANALYZER_NUMBER_OBJECT_CONVERSION = YES_AGGRESSIVE;
				CLANG_CXX_LANGUAGE_STANDARD = "gnu++14";
				CLANG_CXX_LIBRARY = "libc++";
				CLANG_ENABLE_MODULES = YES;
				CLANG_ENABLE_OBJC_ARC = YES;
				CLANG_ENABLE_OBJC_WEAK = YES;
				CLANG_WARN_BLOCK_CAPTURE_AUTORELEASING = YES;
				CLANG_WARN_BOOL_CONVERSION = YES;
				CLANG_WARN_COMMA = YES;
				CLANG_WARN_CONSTANT_CONVERSION = YES;
				CLANG_WARN_DEPRECATED_OBJC_IMPLEMENTATIONS = YES;
				CLANG_WARN_DIRECT_OBJC_ISA_USAGE = YES_ERROR;
				CLANG_WARN_DOCUMENTATION_COMMENTS = YES;
				CLANG_WARN_EMPTY_BODY = YES;
				CLANG_WARN_ENUM_CONVERSION = YES;
				CLANG_WARN_INFINITE_RECURSION = YES;
				CLANG_WARN_INT_CONVERSION = YES;
				CLANG_WARN_NON_LITERAL_NULL_CONVERSION = YES;
				CLANG_WARN_OBJC_IMPLICIT_RETAIN_SELF = YES;
				CLANG_WARN_OBJC_LITERAL_CONVERSION = YES;
				CLANG_WARN_OBJC_ROOT_CLASS = YES_ERROR;
				CLANG_WARN_RANGE_LOOP_ANALYSIS = YES;
				CLANG_WARN_STRICT_PROTOTYPES = YES;
				CLANG_WARN_SUSPICIOUS_MOVE = YES;
				CLANG_WARN_UNGUARDED_AVAILABILITY = YES_AGGRESSIVE;
				CLANG_WARN_UNREACHABLE_CODE = YES;
				CLANG_WARN__DUPLICATE_METHOD_MATCH = YES;
				COPY_PHASE_STRIP = NO;
				DEBUG_INFORMATION_FORMAT = "dwarf-with-dsym";
				ENABLE_NS_ASSERTIONS = NO;
				ENABLE_STRICT_OBJC_MSGSEND = YES;
				GCC_C_LANGUAGE_STANDARD = gnu11;
				GCC_NO_COMMON_BLOCKS = YES;
				GCC_WARN_64_TO_32_BIT_CONVERSION = YES;
				GCC_WARN_ABOUT_RETURN_TYPE = YES_ERROR;
				GCC_WARN_UNDECLARED_SELECTOR = YES;
				GCC_WARN_UNINITIALIZED_AUTOS = YES_AGGRESSIVE;
				GCC_WARN_UNUSED_FUNCTION = YES;
				GCC_WARN_UNUSED_VARIABLE = YES;
				IPHONEOS_DEPLOYMENT_TARGET = 13.2;
				MTL_ENABLE_DEBUG_INFO = NO;
				MTL_FAST_MATH = YES;
				SDKROOT = iphoneos;
				SWIFT_COMPILATION_MODE = wholemodule;
				SWIFT_OPTIMIZATION_LEVEL = "-O";
				VALIDATE_PRODUCT = YES;
			};
			name = Release;
		};
		970B258223A011AA0058C8B0 /* Debug */ = {
			isa = XCBuildConfiguration;
			baseConfigurationReference = A8751407ED585D1A30FA0884 /* Pods-BtnProto.debug.xcconfig */;
			buildSettings = {
				ASSETCATALOG_COMPILER_APPICON_NAME = AppIcon;
				CODE_SIGN_STYLE = Automatic;
				DEVELOPMENT_TEAM = F5PC84GW85;
				INFOPLIST_FILE = BtnProto/Info.plist;
				IPHONEOS_DEPLOYMENT_TARGET = 12.1;
				LD_RUNPATH_SEARCH_PATHS = (
					"$(inherited)",
					"@executable_path/Frameworks",
				);
				PRODUCT_BUNDLE_IDENTIFIER = ru.cleverClosure.BtnProto;
				PRODUCT_NAME = "$(TARGET_NAME)";
				SWIFT_VERSION = 5.0;
				TARGETED_DEVICE_FAMILY = "1,2";
			};
			name = Debug;
		};
		970B258323A011AA0058C8B0 /* Release */ = {
			isa = XCBuildConfiguration;
			baseConfigurationReference = 7E417C9DBDBC0D8925D014ED /* Pods-BtnProto.release.xcconfig */;
			buildSettings = {
				ASSETCATALOG_COMPILER_APPICON_NAME = AppIcon;
				CODE_SIGN_STYLE = Automatic;
				DEVELOPMENT_TEAM = F5PC84GW85;
				INFOPLIST_FILE = BtnProto/Info.plist;
				IPHONEOS_DEPLOYMENT_TARGET = 12.1;
				LD_RUNPATH_SEARCH_PATHS = (
					"$(inherited)",
					"@executable_path/Frameworks",
				);
				PRODUCT_BUNDLE_IDENTIFIER = ru.cleverClosure.BtnProto;
				PRODUCT_NAME = "$(TARGET_NAME)";
				SWIFT_VERSION = 5.0;
				TARGETED_DEVICE_FAMILY = "1,2";
			};
			name = Release;
		};
/* End XCBuildConfiguration section */

/* Begin XCConfigurationList section */
		970B256423A011A90058C8B0 /* Build configuration list for PBXProject "BtnProto" */ = {
			isa = XCConfigurationList;
			buildConfigurations = (
				970B257F23A011AA0058C8B0 /* Debug */,
				970B258023A011AA0058C8B0 /* Release */,
			);
			defaultConfigurationIsVisible = 0;
			defaultConfigurationName = Release;
		};
		970B258123A011AA0058C8B0 /* Build configuration list for PBXNativeTarget "BtnProto" */ = {
			isa = XCConfigurationList;
			buildConfigurations = (
				970B258223A011AA0058C8B0 /* Debug */,
				970B258323A011AA0058C8B0 /* Release */,
			);
			defaultConfigurationIsVisible = 0;
			defaultConfigurationName = Release;
		};
/* End XCConfigurationList section */
	};
	rootObject = 970B256123A011A90058C8B0 /* Project object */;
}
